
Microsoft Visual Studio Solution File, Format Version 12.00
# Visual Studio 2012
Project("{FAE04EC0-301F-11D3-BF4B-00C04F79EFBC}") = "DemoBackgroundService.Android", "DemoBackgroundService.Android\DemoBackgroundService.Android.csproj", "{D28C18E8-0E3F-44B1-BC51-5F1D60A1CEC2}"
EndProject
Project("{FAE04EC0-301F-11D3-BF4B-00C04F79EFBC}") = "DemoBackgroundService.iOS", "DemoBackgroundService.iOS\DemoBackgroundService.iOS.csproj", "{E604DAF9-A178-45F2-A7EE-E0DE002DB11A}"
EndProject
Project("{D954291E-2A0B-460D-934E-DC6B0785DB48}") = "DemoBackgroundService", "DemoBackgroundService\DemoBackgroundService.shproj", "{5F1188ED-3718-422D-A855-AFE79352B2FB}"
EndProject
Project("{FAE04EC0-301F-11D3-BF4B-00C04F79EFBC}") = "DemoBackgroundPCL", "DemoBackgroundPCL\DemoBackgroundPCL.csproj", "{04699DD7-496B-48A5-9035-9B966A1FBC2F}"
EndProject
Global
	GlobalSection(SolutionConfigurationPlatforms) = preSolution
		Debug|Any CPU = Debug|Any CPU
		Release|Any CPU = Release|Any CPU
		Debug|iPhoneSimulator = Debug|iPhoneSimulator
		Release|iPhoneSimulator = Release|iPhoneSimulator
		Debug|iPhone = Debug|iPhone
		Release|iPhone = Release|iPhone
		Ad-Hoc|iPhone = Ad-Hoc|iPhone
		AppStore|iPhone = AppStore|iPhone
	EndGlobalSection
	GlobalSection(ProjectConfigurationPlatforms) = postSolution
		{D28C18E8-0E3F-44B1-BC51-5F1D60A1CEC2}.Debug|Any CPU.ActiveCfg = Debug|Any CPU
		{D28C18E8-0E3F-44B1-BC51-5F1D60A1CEC2}.Debug|Any CPU.Build.0 = Debug|Any CPU
		{D28C18E8-0E3F-44B1-BC51-5F1D60A1CEC2}.Release|Any CPU.ActiveCfg = Release|Any CPU
		{D28C18E8-0E3F-44B1-BC51-5F1D60A1CEC2}.Release|Any CPU.Build.0 = Release|Any CPU
		{D28C18E8-0E3F-44B1-BC51-5F1D60A1CEC2}.Debug|iPhoneSimulator.ActiveCfg = Debug|Any CPU
		{D28C18E8-0E3F-44B1-BC51-5F1D60A1CEC2}.Debug|iPhoneSimulator.Build.0 = Debug|Any CPU
		{D28C18E8-0E3F-44B1-BC51-5F1D60A1CEC2}.Release|iPhoneSimulator.ActiveCfg = Release|Any CPU
		{D28C18E8-0E3F-44B1-BC51-5F1D60A1CEC2}.Release|iPhoneSimulator.Build.0 = Release|Any CPU
		{D28C18E8-0E3F-44B1-BC51-5F1D60A1CEC2}.Debug|iPhone.ActiveCfg = Debug|Any CPU
		{D28C18E8-0E3F-44B1-BC51-5F1D60A1CEC2}.Debug|iPhone.Build.0 = Debug|Any CPU
		{D28C18E8-0E3F-44B1-BC51-5F1D60A1CEC2}.Release|iPhone.ActiveCfg = Release|Any CPU
		{D28C18E8-0E3F-44B1-BC51-5F1D60A1CEC2}.Release|iPhone.Build.0 = Release|Any CPU
		{D28C18E8-0E3F-44B1-BC51-5F1D60A1CEC2}.Ad-Hoc|iPhone.ActiveCfg = Debug|Any CPU
		{D28C18E8-0E3F-44B1-BC51-5F1D60A1CEC2}.Ad-Hoc|iPhone.Build.0 = Debug|Any CPU
		{D28C18E8-0E3F-44B1-BC51-5F1D60A1CEC2}.AppStore|iPhone.ActiveCfg = Debug|Any CPU
		{D28C18E8-0E3F-44B1-BC51-5F1D60A1CEC2}.AppStore|iPhone.Build.0 = Debug|Any CPU
		{E604DAF9-A178-45F2-A7EE-E0DE002DB11A}.Debug|Any CPU.ActiveCfg = Debug|iPhoneSimulator
		{E604DAF9-A178-45F2-A7EE-E0DE002DB11A}.Debug|Any CPU.Build.0 = Debug|iPhoneSimulator
		{E604DAF9-A178-45F2-A7EE-E0DE002DB11A}.Release|Any CPU.ActiveCfg = Release|iPhoneSimulator
		{E604DAF9-A178-45F2-A7EE-E0DE002DB11A}.Release|Any CPU.Build.0 = Release|iPhoneSimulator
		{E604DAF9-A178-45F2-A7EE-E0DE002DB11A}.Debug|iPhoneSimulator.ActiveCfg = Debug|iPhoneSimulator
		{E604DAF9-A178-45F2-A7EE-E0DE002DB11A}.Debug|iPhoneSimulator.Build.0 = Debug|iPhoneSimulator
		{E604DAF9-A178-45F2-A7EE-E0DE002DB11A}.Release|iPhoneSimulator.ActiveCfg = Release|iPhoneSimulator
		{E604DAF9-A178-45F2-A7EE-E0DE002DB11A}.Release|iPhoneSimulator.Build.0 = Release|iPhoneSimulator
		{E604DAF9-A178-45F2-A7EE-E0DE002DB11A}.Debug|iPhone.ActiveCfg = Debug|iPhone
		{E604DAF9-A178-45F2-A7EE-E0DE002DB11A}.Debug|iPhone.Build.0 = Debug|iPhone
		{E604DAF9-A178-45F2-A7EE-E0DE002DB11A}.Release|iPhone.ActiveCfg = Release|iPhone
		{E604DAF9-A178-45F2-A7EE-E0DE002DB11A}.Release|iPhone.Build.0 = Release|iPhone
		{E604DAF9-A178-45F2-A7EE-E0DE002DB11A}.Ad-Hoc|iPhone.ActiveCfg = Ad-Hoc|iPhone
		{E604DAF9-A178-45F2-A7EE-E0DE002DB11A}.Ad-Hoc|iPhone.Build.0 = Ad-Hoc|iPhone
		{E604DAF9-A178-45F2-A7EE-E0DE002DB11A}.AppStore|iPhone.ActiveCfg = AppStore|iPhone
		{E604DAF9-A178-45F2-A7EE-E0DE002DB11A}.AppStore|iPhone.Build.0 = AppStore|iPhone
		{04699DD7-496B-48A5-9035-9B966A1FBC2F}.Debug|Any CPU.ActiveCfg = Debug|Any CPU
		{04699DD7-496B-48A5-9035-9B966A1FBC2F}.Debug|Any CPU.Build.0 = Debug|Any CPU
		{04699DD7-496B-48A5-9035-9B966A1FBC2F}.Release|Any CPU.ActiveCfg = Release|Any CPU
		{04699DD7-496B-48A5-9035-9B966A1FBC2F}.Release|Any CPU.Build.0 = Release|Any CPU
		{04699DD7-496B-48A5-9035-9B966A1FBC2F}.Debug|iPhoneSimulator.ActiveCfg = Debug|Any CPU
		{04699DD7-496B-48A5-9035-9B966A1FBC2F}.Debug|iPhoneSimulator.Build.0 = Debug|Any CPU
		{04699DD7-496B-48A5-9035-9B966A1FBC2F}.Release|iPhoneSimulator.ActiveCfg = Release|Any CPU
		{04699DD7-496B-48A5-9035-9B966A1FBC2F}.Release|iPhoneSimulator.Build.0 = Release|Any CPU
		{04699DD7-496B-48A5-9035-9B966A1FBC2F}.Debug|iPhone.ActiveCfg = Debug|Any CPU
		{04699DD7-496B-48A5-9035-9B966A1FBC2F}.Debug|iPhone.Build.0 = Debug|Any CPU
		{04699DD7-496B-48A5-9035-9B966A1FBC2F}.Release|iPhone.ActiveCfg = Release|Any CPU
		{04699DD7-496B-48A5-9035-9B966A1FBC2F}.Release|iPhone.Build.0 = Release|Any CPU
		{04699DD7-496B-48A5-9035-9B966A1FBC2F}.Ad-Hoc|iPhone.ActiveCfg = Release|Any CPU
		{04699DD7-496B-48A5-9035-9B966A1FBC2F}.Ad-Hoc|iPhone.Build.0 = Release|Any CPU
		{04699DD7-496B-48A5-9035-9B966A1FBC2F}.AppStore|iPhone.ActiveCfg = Release|Any CPU
		{04699DD7-496B-48A5-9035-9B966A1FBC2F}.AppStore|iPhone.Build.0 = Release|Any CPU
	EndGlobalSection
EndGlobal
